
Microsoft Visual Studio Solution File, Format Version 10.00
# Visual Studio 2008
Project("{FAE04EC0-301F-11D3-BF4B-00C04F79EFBC}") = "BeerMathLibrary", "BeerMathLibrary\BeerMathLibrary.csproj", "{57990F4F-AAB8-479D-A4B7-3B26A78F9EF1}"
EndProject
Project("{FAE04EC0-301F-11D3-BF4B-00C04F79EFBC}") = "BeerMathSampleApp", "BeerMathSampleApp\BeerMathSampleApp.csproj", "{40496203-1331-448E-B7AF-03509DFAD07E}"
EndProject
Project("{FAE04EC0-301F-11D3-BF4B-00C04F79EFBC}") = "BeerMathSampleConsole", "BeerMathSampleConsole\BeerMathSampleConsole.csproj", "{E12B4809-BBA5-4F5B-96C9-04CAEB8DD317}"
EndProject
Global
	GlobalSection(SolutionConfigurationPlatforms) = preSolution
		Debug|Any CPU = Debug|Any CPU
		Release|Any CPU = Release|Any CPU
		Default|Any CPU = Default|Any CPU
	EndGlobalSection
	GlobalSection(ProjectConfigurationPlatforms) = postSolution
		{40496203-1331-448E-B7AF-03509DFAD07E}.Debug|Any CPU.ActiveCfg = Debug|Any CPU
		{40496203-1331-448E-B7AF-03509DFAD07E}.Debug|Any CPU.Build.0 = Debug|Any CPU
		{40496203-1331-448E-B7AF-03509DFAD07E}.Release|Any CPU.ActiveCfg = Release|Any CPU
		{40496203-1331-448E-B7AF-03509DFAD07E}.Release|Any CPU.Build.0 = Release|Any CPU
		{57990F4F-AAB8-479D-A4B7-3B26A78F9EF1}.Debug|Any CPU.ActiveCfg = Debug|Any CPU
		{57990F4F-AAB8-479D-A4B7-3B26A78F9EF1}.Debug|Any CPU.Build.0 = Debug|Any CPU
		{57990F4F-AAB8-479D-A4B7-3B26A78F9EF1}.Release|Any CPU.ActiveCfg = Release|Any CPU
		{57990F4F-AAB8-479D-A4B7-3B26A78F9EF1}.Release|Any CPU.Build.0 = Release|Any CPU
		{E12B4809-BBA5-4F5B-96C9-04CAEB8DD317}.Debug|Any CPU.ActiveCfg = Debug|Any CPU
		{E12B4809-BBA5-4F5B-96C9-04CAEB8DD317}.Debug|Any CPU.Build.0 = Debug|Any CPU
		{E12B4809-BBA5-4F5B-96C9-04CAEB8DD317}.Default|Any CPU.ActiveCfg = Debug|Any CPU
		{E12B4809-BBA5-4F5B-96C9-04CAEB8DD317}.Default|Any CPU.Build.0 = Debug|Any CPU
		{E12B4809-BBA5-4F5B-96C9-04CAEB8DD317}.Release|Any CPU.ActiveCfg = Release|Any CPU
		{E12B4809-BBA5-4F5B-96C9-04CAEB8DD317}.Release|Any CPU.Build.0 = Release|Any CPU
	EndGlobalSection
	GlobalSection(MonoDevelopProperties) = preSolution
		StartupItem = BeerMathSampleConsole\BeerMathSampleConsole.csproj
	EndGlobalSection
	GlobalSection(SolutionProperties) = preSolution
		HideSolutionNode = FALSE
	EndGlobalSection
EndGlobal
